
Microsoft Visual Studio Solution File, Format Version 12.00
# Visual Studio Version 17
VisualStudioVersion = 17.4.33205.214
MinimumVisualStudioVersion = 10.0.40219.1
Project("{FAE04EC0-301F-11D3-BF4B-00C04F79EFBC}") = "BARMAN STORE1._0", "BARMAN STORE1._0.csproj", "{34C987DD-150A-4C81-B5FA-B58B21EC688F}"
EndProject
Global
	GlobalSection(SolutionConfigurationPlatforms) = preSolution
		Debug|Any CPU = Debug|Any CPU
		Release|Any CPU = Release|Any CPU
	EndGlobalSection
	GlobalSection(ProjectConfigurationPlatforms) = postSolution
		{34C987DD-150A-4C81-B5FA-B58B21EC688F}.Debug|Any CPU.ActiveCfg = Debug|Any CPU
		{34C987DD-150A-4C81-B5FA-B58B21EC688F}.Debug|Any CPU.Build.0 = Debug|Any CPU
		{34C987DD-150A-4C81-B5FA-B58B21EC688F}.Release|Any CPU.ActiveCfg = Release|Any CPU
		{34C987DD-150A-4C81-B5FA-B58B21EC688F}.Release|Any CPU.Build.0 = Release|Any CPU
	EndGlobalSection
	GlobalSection(SolutionProperties) = preSolution
		HideSolutionNode = FALSE
	EndGlobalSection
	GlobalSection(ExtensibilityGlobals) = postSolution
		SolutionGuid = {B0DD9685-AFD6-4BF0-865D-43E8AB8A756C}
	EndGlobalSection
EndGlobal
